
Microsoft Visual Studio Solution File, Format Version 12.00
# Visual Studio Version 16
VisualStudioVersion = 16.0.31129.286
MinimumVisualStudioVersion = 10.0.40219.1
Project("{FAE04EC0-301F-11D3-BF4B-00C04F79EFBC}") = "MyMiniHome", "MyMiniHome\MyMiniHome.csproj", "{853E156D-C3D2-44A0-B8CB-BEBA97B334DF}"
EndProject
Global
	GlobalSection(SolutionConfigurationPlatforms) = preSolution
		Debug|Any CPU = Debug|Any CPU
		Release|Any CPU = Release|Any CPU
	EndGlobalSection
	GlobalSection(ProjectConfigurationPlatforms) = postSolution
		{853E156D-C3D2-44A0-B8CB-BEBA97B334DF}.Debug|Any CPU.ActiveCfg = Debug|Any CPU
		{853E156D-C3D2-44A0-B8CB-BEBA97B334DF}.Debug|Any CPU.Build.0 = Debug|Any CPU
		{853E156D-C3D2-44A0-B8CB-BEBA97B334DF}.Release|Any CPU.ActiveCfg = Release|Any CPU
		{853E156D-C3D2-44A0-B8CB-BEBA97B334DF}.Release|Any CPU.Build.0 = Release|Any CPU
	EndGlobalSection
	GlobalSection(SolutionProperties) = preSolution
		HideSolutionNode = FALSE
	EndGlobalSection
	GlobalSection(ExtensibilityGlobals) = postSolution
		SolutionGuid = {08D851D6-0241-42A4-BEAD-1BC9B8B70A93}
	EndGlobalSection
EndGlobal
